
Microsoft Visual Studio Solution File, Format Version 12.00
# Visual Studio Version 17
VisualStudioVersion = 17.13.35931.197 d17.13
MinimumVisualStudioVersion = 10.0.40219.1
Project("{FAE04EC0-301F-11D3-BF4B-00C04F79EFBC}") = "2回目", "2回目\2回目.csproj", "{94342232-814D-4C17-81BE-2D66E9CAC50C}"
EndProject
Global
	GlobalSection(SolutionConfigurationPlatforms) = preSolution
		Debug|Any CPU = Debug|Any CPU
		Release|Any CPU = Release|Any CPU
	EndGlobalSection
	GlobalSection(ProjectConfigurationPlatforms) = postSolution
		{94342232-814D-4C17-81BE-2D66E9CAC50C}.Debug|Any CPU.ActiveCfg = Debug|Any CPU
		{94342232-814D-4C17-81BE-2D66E9CAC50C}.Debug|Any CPU.Build.0 = Debug|Any CPU
		{94342232-814D-4C17-81BE-2D66E9CAC50C}.Release|Any CPU.ActiveCfg = Release|Any CPU
		{94342232-814D-4C17-81BE-2D66E9CAC50C}.Release|Any CPU.Build.0 = Release|Any CPU
	EndGlobalSection
	GlobalSection(SolutionProperties) = preSolution
		HideSolutionNode = FALSE
	EndGlobalSection
	GlobalSection(ExtensibilityGlobals) = postSolution
		SolutionGuid = {87F47904-1879-4F92-85DF-86C61E9E464C}
	EndGlobalSection
EndGlobal
