
Microsoft Visual Studio Solution File, Format Version 12.00
# Visual Studio Version 17
VisualStudioVersion = 17.13.35931.197 d17.13
MinimumVisualStudioVersion = 10.0.40219.1
Project("{FAE04EC0-301F-11D3-BF4B-00C04F79EFBC}") = "Fusen", "Fusen\Fusen.csproj", "{308A7E0D-1408-47E0-A5EC-37ED9B57B6A0}"
EndProject
Global
	GlobalSection(SolutionConfigurationPlatforms) = preSolution
		Debug|Any CPU = Debug|Any CPU
		Release|Any CPU = Release|Any CPU
	EndGlobalSection
	GlobalSection(ProjectConfigurationPlatforms) = postSolution
		{308A7E0D-1408-47E0-A5EC-37ED9B57B6A0}.Debug|Any CPU.ActiveCfg = Debug|Any CPU
		{308A7E0D-1408-47E0-A5EC-37ED9B57B6A0}.Debug|Any CPU.Build.0 = Debug|Any CPU
		{308A7E0D-1408-47E0-A5EC-37ED9B57B6A0}.Release|Any CPU.ActiveCfg = Release|Any CPU
		{308A7E0D-1408-47E0-A5EC-37ED9B57B6A0}.Release|Any CPU.Build.0 = Release|Any CPU
	EndGlobalSection
	GlobalSection(SolutionProperties) = preSolution
		HideSolutionNode = FALSE
	EndGlobalSection
	GlobalSection(ExtensibilityGlobals) = postSolution
		SolutionGuid = {134374CD-0397-4FDE-B54F-0EFC72A6EA43}
	EndGlobalSection
EndGlobal
